
Microsoft Visual Studio Solution File, Format Version 12.00
# Visual Studio Version 16
VisualStudioVersion = 16.0.32106.194
MinimumVisualStudioVersion = 10.0.40219.1
Project("{FAE04EC0-301F-11D3-BF4B-00C04F79EFBC}") = "MyDemoMVCApp", "MyDemoMVCApp\MyDemoMVCApp.csproj", "{69631639-50C8-43FA-8B89-9BC2F3BCA21F}"
EndProject
Global
	GlobalSection(SolutionConfigurationPlatforms) = preSolution
		Debug|Any CPU = Debug|Any CPU
		Release|Any CPU = Release|Any CPU
	EndGlobalSection
	GlobalSection(ProjectConfigurationPlatforms) = postSolution
		{69631639-50C8-43FA-8B89-9BC2F3BCA21F}.Debug|Any CPU.ActiveCfg = Debug|Any CPU
		{69631639-50C8-43FA-8B89-9BC2F3BCA21F}.Debug|Any CPU.Build.0 = Debug|Any CPU
		{69631639-50C8-43FA-8B89-9BC2F3BCA21F}.Release|Any CPU.ActiveCfg = Release|Any CPU
		{69631639-50C8-43FA-8B89-9BC2F3BCA21F}.Release|Any CPU.Build.0 = Release|Any CPU
	EndGlobalSection
	GlobalSection(SolutionProperties) = preSolution
		HideSolutionNode = FALSE
	EndGlobalSection
	GlobalSection(ExtensibilityGlobals) = postSolution
		SolutionGuid = {EDDF68C8-28DE-4DD6-B2EE-2DFBE20E88CE}
	EndGlobalSection
EndGlobal
